
Microsoft Visual Studio Solution File, Format Version 12.00
# Visual Studio Version 17
VisualStudioVersion = 17.11.35327.3
MinimumVisualStudioVersion = 10.0.40219.1
Project("{FAE04EC0-301F-11D3-BF4B-00C04F79EFBC}") = "CryptTarget", "CryptTarget\CryptTarget.csproj", "{ED464DE6-5358-4FF7-AA3B-8BF4E73F0330}"
EndProject
Global
	GlobalSection(SolutionConfigurationPlatforms) = preSolution
		Debug|Any CPU = Debug|Any CPU
		Release|Any CPU = Release|Any CPU
	EndGlobalSection
	GlobalSection(ProjectConfigurationPlatforms) = postSolution
		{ED464DE6-5358-4FF7-AA3B-8BF4E73F0330}.Debug|Any CPU.ActiveCfg = Debug|Any CPU
		{ED464DE6-5358-4FF7-AA3B-8BF4E73F0330}.Debug|Any CPU.Build.0 = Debug|Any CPU
		{ED464DE6-5358-4FF7-AA3B-8BF4E73F0330}.Release|Any CPU.ActiveCfg = Release|Any CPU
		{ED464DE6-5358-4FF7-AA3B-8BF4E73F0330}.Release|Any CPU.Build.0 = Release|Any CPU
	EndGlobalSection
	GlobalSection(SolutionProperties) = preSolution
		HideSolutionNode = FALSE
	EndGlobalSection
	GlobalSection(ExtensibilityGlobals) = postSolution
		SolutionGuid = {2F4A775D-9E92-4DE5-872F-EEC638B0EE77}
	EndGlobalSection
EndGlobal
